
Microsoft Visual Studio Solution File, Format Version 12.00
# Visual Studio Version 16
VisualStudioVersion = 16.0.29709.97
MinimumVisualStudioVersion = 10.0.40219.1
Project("{FAE04EC0-301F-11D3-BF4B-00C04F79EFBC}") = "TP01", "TP01\TP01.csproj", "{B5B398E5-F5C9-4C51-A2A7-FFC5EA7ED9FA}"
EndProject
Project("{FAE04EC0-301F-11D3-BF4B-00C04F79EFBC}") = "TP1-Module03", "TP1-Module03\TP1-Module03.csproj", "{B28FB7B5-B3E2-42C9-AF74-F3C7EE868B46}"
EndProject
Project("{FAE04EC0-301F-11D3-BF4B-00C04F79EFBC}") = "Demo7", "Demo7\Demo7.csproj", "{CBF41D92-FC0D-441E-86BC-4904D013E98B}"
EndProject
Project("{FAE04EC0-301F-11D3-BF4B-00C04F79EFBC}") = "TP1-Module05", "TP1-Module05\TP1-Module05.csproj", "{17C3DF5C-9B7B-4853-9548-7FD6320F2D1F}"
EndProject
Global
	GlobalSection(SolutionConfigurationPlatforms) = preSolution
		Debug|Any CPU = Debug|Any CPU
		Release|Any CPU = Release|Any CPU
	EndGlobalSection
	GlobalSection(ProjectConfigurationPlatforms) = postSolution
		{B5B398E5-F5C9-4C51-A2A7-FFC5EA7ED9FA}.Debug|Any CPU.ActiveCfg = Debug|Any CPU
		{B5B398E5-F5C9-4C51-A2A7-FFC5EA7ED9FA}.Debug|Any CPU.Build.0 = Debug|Any CPU
		{B5B398E5-F5C9-4C51-A2A7-FFC5EA7ED9FA}.Release|Any CPU.ActiveCfg = Release|Any CPU
		{B5B398E5-F5C9-4C51-A2A7-FFC5EA7ED9FA}.Release|Any CPU.Build.0 = Release|Any CPU
		{B28FB7B5-B3E2-42C9-AF74-F3C7EE868B46}.Debug|Any CPU.ActiveCfg = Debug|Any CPU
		{B28FB7B5-B3E2-42C9-AF74-F3C7EE868B46}.Debug|Any CPU.Build.0 = Debug|Any CPU
		{B28FB7B5-B3E2-42C9-AF74-F3C7EE868B46}.Release|Any CPU.ActiveCfg = Release|Any CPU
		{B28FB7B5-B3E2-42C9-AF74-F3C7EE868B46}.Release|Any CPU.Build.0 = Release|Any CPU
		{CBF41D92-FC0D-441E-86BC-4904D013E98B}.Debug|Any CPU.ActiveCfg = Debug|Any CPU
		{CBF41D92-FC0D-441E-86BC-4904D013E98B}.Debug|Any CPU.Build.0 = Debug|Any CPU
		{CBF41D92-FC0D-441E-86BC-4904D013E98B}.Release|Any CPU.ActiveCfg = Release|Any CPU
		{CBF41D92-FC0D-441E-86BC-4904D013E98B}.Release|Any CPU.Build.0 = Release|Any CPU
		{17C3DF5C-9B7B-4853-9548-7FD6320F2D1F}.Debug|Any CPU.ActiveCfg = Debug|Any CPU
		{17C3DF5C-9B7B-4853-9548-7FD6320F2D1F}.Debug|Any CPU.Build.0 = Debug|Any CPU
		{17C3DF5C-9B7B-4853-9548-7FD6320F2D1F}.Release|Any CPU.ActiveCfg = Release|Any CPU
		{17C3DF5C-9B7B-4853-9548-7FD6320F2D1F}.Release|Any CPU.Build.0 = Release|Any CPU
	EndGlobalSection
	GlobalSection(SolutionProperties) = preSolution
		HideSolutionNode = FALSE
	EndGlobalSection
	GlobalSection(ExtensibilityGlobals) = postSolution
		SolutionGuid = {70682E0E-6F93-4AC1-8C8D-BB3B0DB41CB6}
	EndGlobalSection
EndGlobal
